{
  "version": 4,
  "terraform_version": "1.6.4",
  "serial": 5,
  "lineage": "ef53ffd5-5377-75e1-569e-e4aeda3aa8fb",
  "outputs": {},
  "resources": [
    {
      "mode": "managed",
      "type": "local_file",
      "name": "my-pet",
      "provider": "provider[\"registry.terraform.io/hashicorp/local\"]",
      "instances": [
        {
          "schema_version": 0,
          "attributes": {
            "content": "i love pets!",
            "content_base64": null,
            "content_base64sha256": "BCHQK9YJEtbRO65rPOq+VNXZ8ZTRxoK+LTxcVH/KztY=",
            "content_base64sha512": "x//sAXw7xM56+SG5sqgCr2bL/EHMXWG/UxTZICohBk7dtcLtdpV7LFVxwl8o94NXWpbhrlzawC5+mxuOrbkZHw==",
            "content_md5": "336f960d34073778ab954f8fcb5b64b9",
            "content_sha1": "6915bac2a8e7b1dc89d1a8fb4a51409cb4bcb4ac",
            "content_sha256": "0421d02bd60912d6d13bae6b3ceabe54d5d9f194d1c682be2d3c5c547fcaced6",
            "content_sha512": "c7ffec017c3bc4ce7af921b9b2a802af66cbfc41cc5d61bf5314d9202a21064eddb5c2ed76957b2c5571c25f28f783575a96e1ae5cdac02e7e9b1b8eadb9191f",
            "directory_permission": "0777",
            "file_permission": "0777",
            "filename": "pets.txt",
            "id": "6915bac2a8e7b1dc89d1a8fb4a51409cb4bcb4ac",
            "sensitive_content": null,
            "source": null
          },
          "sensitive_attributes": []
        }
      ]
    }
  ],
  "check_results": null
}
